// !$*UTF8*$!
{
	archiveVersion = 1;
	classes = {
	};
	objectVersion = 46;
	objects = {

/* Begin PBXBuildFile section */
		8A65238B1EE2815E00BA1776 /* DSEG7Classic-Bold.ttf in Resources */ = {isa = PBXBuildFile; fileRef = 8A65238A1EE2815E00BA1776 /* DSEG7Classic-Bold.ttf */; };
		8ACC5DC61CDB14BB00C6D178 /* AppDelegate.swift in Sources */ = {isa = PBXBuildFile; fileRef = 8ACC5DC51CDB14BB00C6D178 /* AppDelegate.swift */; };
		8ACC5DC81CDB14BB00C6D178 /* ViewController.swift in Sources */ = {isa = PBXBuildFile; fileRef = 8ACC5DC71CDB14BB00C6D178 /* ViewController.swift */; };
		8ACC5DCB1CDB14BB00C6D178 /* Main.storyboard in Resources */ = {isa = PBXBuildFile; fileRef = 8ACC5DC91CDB14BB00C6D178 /* Main.storyboard */; };
		8ACC5DCD1CDB14BB00C6D178 /* Assets.xcassets in Resources */ = {isa = PBXBuildFile; fileRef = 8ACC5DCC1CDB14BB00C6D178 /* Assets.xcassets */; };
		8ACC5DD01CDB14BB00C6D178 /* LaunchScreen.storyboard in Resources */ = {isa = PBXBuildFile; fileRef = 8ACC5DCE1CDB14BB00C6D178 /* LaunchScreen.storyboard */; };
		8ACC5DDB1CDB726C00C6D178 /* beep.mp3 in Resources */ = {isa = PBXBuildFile; fileRef = 8ACC5DDA1CDB726C00C6D178 /* beep.mp3 */; };
		8AEE929523BD7CFF0085822A /* PickerTextField.swift in Sources */ = {isa = PBXBuildFile; fileRef = 8AEE929423BD7CFF0085822A /* PickerTextField.swift */; };
/* End PBXBuildFile section */

/* Begin PBXFileReference section */
		8A65238A1EE2815E00BA1776 /* DSEG7Classic-Bold.ttf */ = {isa = PBXFileReference; lastKnownFileType = file; path = "DSEG7Classic-Bold.ttf"; sourceTree = "<group>"; };
		8ACC5DC21CDB14B300C6D178 /* TimeCounter.app */ = {isa = PBXFileReference; explicitFileType = wrapper.application; includeInIndex = 0; path = TimeCounter.app; sourceTree = BUILT_PRODUCTS_DIR; };
		8ACC5DC51CDB14BB00C6D178 /* AppDelegate.swift */ = {isa = PBXFileReference; lastKnownFileType = sourcecode.swift; path = AppDelegate.swift; sourceTree = "<group>"; };
		8ACC5DC71CDB14BB00C6D178 /* ViewController.swift */ = {isa = PBXFileReference; lastKnownFileType = sourcecode.swift; lineEnding = 0; path = ViewController.swift; sourceTree = "<group>"; xcLanguageSpecificationIdentifier = xcode.lang.swift; };
		8ACC5DCA1CDB14BB00C6D178 /* Base */ = {isa = PBXFileReference; lastKnownFileType = file.storyboard; name = Base; path = Base.lproj/Main.storyboard; sourceTree = "<group>"; };
		8ACC5DCC1CDB14BB00C6D178 /* Assets.xcassets */ = {isa = PBXFileReference; lastKnownFileType = folder.assetcatalog; path = Assets.xcassets; sourceTree = "<group>"; };
		8ACC5DCF1CDB14BB00C6D178 /* Base */ = {isa = PBXFileReference; lastKnownFileType = file.storyboard; name = Base; path = Base.lproj/LaunchScreen.storyboard; sourceTree = "<group>"; };
		8ACC5DD11CDB14BB00C6D178 /* Info.plist */ = {isa = PBXFileReference; lastKnownFileType = text.plist.xml; path = Info.plist; sourceTree = "<group>"; };
		8ACC5DD71CDB70CD00C6D178 /* AudioToolbox.framework */ = {isa = PBXFileReference; lastKnownFileType = wrapper.framework; name = AudioToolbox.framework; path = System/Library/Frameworks/AudioToolbox.framework; sourceTree = SDKROOT; };
		8ACC5DDA1CDB726C00C6D178 /* beep.mp3 */ = {isa = PBXFileReference; lastKnownFileType = audio.mp3; path = beep.mp3; sourceTree = "<group>"; };
		8AEE929423BD7CFF0085822A /* PickerTextField.swift */ = {isa = PBXFileReference; lastKnownFileType = sourcecode.swift; path = PickerTextField.swift; sourceTree = "<group>"; };
/* End PBXFileReference section */

/* Begin PBXFrameworksBuildPhase section */
		8ACC5DBF1CDB14B300C6D178 /* Frameworks */ = {
			isa = PBXFrameworksBuildPhase;
			buildActionMask = 2147483647;
			files = (
			);
			runOnlyForDeploymentPostprocessing = 0;
		};
/* End PBXFrameworksBuildPhase section */

/* Begin PBXGroup section */
		8ACC5DB91CDB14B300C6D178 = {
			isa = PBXGroup;
			children = (
				8ACC5DD71CDB70CD00C6D178 /* AudioToolbox.framework */,
				8ACC5DC41CDB14B300C6D178 /* TimeCounter */,
				8ACC5DC31CDB14B300C6D178 /* Products */,
			);
			sourceTree = "<group>";
		};
		8ACC5DC31CDB14B300C6D178 /* Products */ = {
			isa = PBXGroup;
			children = (
				8ACC5DC21CDB14B300C6D178 /* TimeCounter.app */,
			);
			name = Products;
			sourceTree = "<group>";
		};
		8ACC5DC41CDB14B300C6D178 /* TimeCounter */ = {
			isa = PBXGroup;
			children = (
				8A65238A1EE2815E00BA1776 /* DSEG7Classic-Bold.ttf */,
				8ACC5DDA1CDB726C00C6D178 /* beep.mp3 */,
				8ACC5DC51CDB14BB00C6D178 /* AppDelegate.swift */,
				8ACC5DC91CDB14BB00C6D178 /* Main.storyboard */,
				8ACC5DCC1CDB14BB00C6D178 /* Assets.xcassets */,
				8ACC5DCE1CDB14BB00C6D178 /* LaunchScreen.storyboard */,
				8ACC5DD11CDB14BB00C6D178 /* Info.plist */,
				8ACC5DC71CDB14BB00C6D178 /* ViewController.swift */,
				8AEE929423BD7CFF0085822A /* PickerTextField.swift */,
			);
			path = TimeCounter;
			sourceTree = "<group>";
		};
/* End PBXGroup section */

/* Begin PBXNativeTarget section */
		8ACC5DC11CDB14B300C6D178 /* TimeCounter */ = {
			isa = PBXNativeTarget;
			buildConfigurationList = 8ACC5DD41CDB14BB00C6D178 /* Build configuration list for PBXNativeTarget "TimeCounter" */;
			buildPhases = (
				8ACC5DBE1CDB14B300C6D178 /* Sources */,
				8ACC5DBF1CDB14B300C6D178 /* Frameworks */,
				8ACC5DC01CDB14B300C6D178 /* Resources */,
			);
			buildRules = (
			);
			dependencies = (
			);
			name = TimeCounter;
			productName = TimeCounter;
			productReference = 8ACC5DC21CDB14B300C6D178 /* TimeCounter.app */;
			productType = "com.apple.product-type.application";
		};
/* End PBXNativeTarget section */

/* Begin PBXProject section */
		8ACC5DBA1CDB14B300C6D178 /* Project object */ = {
			isa = PBXProject;
			attributes = {
				LastSwiftUpdateCheck = 0730;
				LastUpgradeCheck = 0810;
				ORGANIZATIONNAME = "Kazuyoshi Aizawa";
				TargetAttributes = {
					8ACC5DC11CDB14B300C6D178 = {
						CreatedOnToolsVersion = 7.3;
						DevelopmentTeam = 469ZL76DAW;
						LastSwiftMigration = 0810;
						ProvisioningStyle = Automatic;
						SystemCapabilities = {
							com.apple.BackgroundModes = {
								enabled = 1;
							};
						};
					};
				};
			};
			buildConfigurationList = 8ACC5DBD1CDB14B300C6D178 /* Build configuration list for PBXProject "TimeCounter" */;
			compatibilityVersion = "Xcode 3.2";
			developmentRegion = English;
			hasScannedForEncodings = 0;
			knownRegions = (
				en,
				Base,
			);
			mainGroup = 8ACC5DB91CDB14B300C6D178;
			productRefGroup = 8ACC5DC31CDB14B300C6D178 /* Products */;
			projectDirPath = "";
			projectRoot = "";
			targets = (
				8ACC5DC11CDB14B300C6D178 /* TimeCounter */,
			);
		};
/* End PBXProject section */

/* Begin PBXResourcesBuildPhase section */
		8ACC5DC01CDB14B300C6D178 /* Resources */ = {
			isa = PBXResourcesBuildPhase;
			buildActionMask = 2147483647;
			files = (
				8ACC5DD01CDB14BB00C6D178 /* LaunchScreen.storyboard in Resources */,
				8ACC5DCD1CDB14BB00C6D178 /* Assets.xcassets in Resources */,
				8A65238B1EE2815E00BA1776 /* DSEG7Classic-Bold.ttf in Resources */,
				8ACC5DDB1CDB726C00C6D178 /* beep.mp3 in Resources */,
				8ACC5DCB1CDB14BB00C6D178 /* Main.storyboard in Resources */,
			);
			runOnlyForDeploymentPostprocessing = 0;
		};
/* End PBXResourcesBuildPhase section */

/* Begin PBXSourcesBuildPhase section */
		8ACC5DBE1CDB14B300C6D178 /* Sources */ = {
			isa = PBXSourcesBuildPhase;
			buildActionMask = 2147483647;
			files = (
				8ACC5DC81CDB14BB00C6D178 /* ViewController.swift in Sources */,
				8ACC5DC61CDB14BB00C6D178 /* AppDelegate.swift in Sources */,
				8AEE929523BD7CFF0085822A /* PickerTextField.swift in Sources */,
			);
			runOnlyForDeploymentPostprocessing = 0;
		};
/* End PBXSourcesBuildPhase section */

/* Begin PBXVariantGroup section */
		8ACC5DC91CDB14BB00C6D178 /* Main.storyboard */ = {
			isa = PBXVariantGroup;
			children = (
				8ACC5DCA1CDB14BB00C6D178 /* Base */,
			);
			name = Main.storyboard;
			sourceTree = "<group>";
		};
		8ACC5DCE1CDB14BB00C6D178 /* LaunchScreen.storyboard */ = {
			isa = PBXVariantGroup;
			children = (
				8ACC5DCF1CDB14BB00C6D178 /* Base */,
			);
			name = LaunchScreen.storyboard;
			sourceTree = "<group>";
		};
/* End PBXVariantGroup section */

/* Begin XCBuildConfiguration section */
		8ACC5DD21CDB14BB00C6D178 /* Debug */ = {
			isa = XCBuildConfiguration;
			buildSettings = {
				ALWAYS_SEARCH_USER_PATHS = NO;
				CLANG_ANALYZER_NONNULL = YES;
				CLANG_CXX_LANGUAGE_STANDARD = "gnu++0x";
				CLANG_CXX_LIBRARY = "libc++";
				CLANG_ENABLE_MODULES = YES;
				CLANG_ENABLE_OBJC_ARC = YES;
				CLANG_WARN_BOOL_CONVERSION = YES;
				CLANG_WARN_CONSTANT_CONVERSION = YES;
				CLANG_WARN_DIRECT_OBJC_ISA_USAGE = YES_ERROR;
				CLANG_WARN_EMPTY_BODY = YES;
				CLANG_WARN_ENUM_CONVERSION = YES;
				CLANG_WARN_INFINITE_RECURSION = YES;
				CLANG_WARN_INT_CONVERSION = YES;
				CLANG_WARN_OBJC_ROOT_CLASS = YES_ERROR;
				CLANG_WARN_SUSPICIOUS_MOVE = YES;
				CLANG_WARN_UNREACHABLE_CODE = YES;
				CLANG_WARN__DUPLICATE_METHOD_MATCH = YES;
				"CODE_SIGN_IDENTITY[sdk=iphoneos*]" = "iPhone Developer";
				COPY_PHASE_STRIP = NO;
				DEBUG_INFORMATION_FORMAT = dwarf;
				ENABLE_STRICT_OBJC_MSGSEND = YES;
				ENABLE_TESTABILITY = YES;
				GCC_C_LANGUAGE_STANDARD = gnu99;
				GCC_DYNAMIC_NO_PIC = NO;
				GCC_NO_COMMON_BLOCKS = YES;
				GCC_OPTIMIZATION_LEVEL = 0;
				GCC_PREPROCESSOR_DEFINITIONS = (
					"DEBUG=1",
					"$(inherited)",
				);
				GCC_WARN_64_TO_32_BIT_CONVERSION = YES;
				GCC_WARN_ABOUT_RETURN_TYPE = YES_ERROR;
				GCC_WARN_UNDECLARED_SELECTOR = YES;
				GCC_WARN_UNINITIALIZED_AUTOS = YES_AGGRESSIVE;
				GCC_WARN_UNUSED_FUNCTION = YES;
				GCC_WARN_UNUSED_VARIABLE = YES;
				IPHONEOS_DEPLOYMENT_TARGET = 9.3;
				MTL_ENABLE_DEBUG_INFO = YES;
				ONLY_ACTIVE_ARCH = YES;
				SDKROOT = iphoneos;
				SWIFT_OPTIMIZATION_LEVEL = "-Onone";
				TARGETED_DEVICE_FAMILY = "1,2";
			};
			name = Debug;
		};
		8ACC5DD31CDB14BB00C6D178 /* Release */ = {
			isa = XCBuildConfiguration;
			buildSettings = {
				ALWAYS_SEARCH_USER_PATHS = NO;
				CLANG_ANALYZER_NONNULL = YES;
				CLANG_CXX_LANGUAGE_STANDARD = "gnu++0x";
				CLANG_CXX_LIBRARY = "libc++";
				CLANG_ENABLE_MODULES = YES;
				CLANG_ENABLE_OBJC_ARC = YES;
				CLANG_WARN_BOOL_CONVERSION = YES;
				CLANG_WARN_CONSTANT_CONVERSION = YES;
				CLANG_WARN_DIRECT_OBJC_ISA_USAGE = YES_ERROR;
				CLANG_WARN_EMPTY_BODY = YES;
				CLANG_WARN_ENUM_CONVERSION = YES;
				CLANG_WARN_INFINITE_RECURSION = YES;
				CLANG_WARN_INT_CONVERSION = YES;
				CLANG_WARN_OBJC_ROOT_CLASS = YES_ERROR;
				CLANG_WARN_SUSPICIOUS_MOVE = YES;
				CLANG_WARN_UNREACHABLE_CODE = YES;
				CLANG_WARN__DUPLICATE_METHOD_MATCH = YES;
				"CODE_SIGN_IDENTITY[sdk=iphoneos*]" = "iPhone Developer";
				COPY_PHASE_STRIP = NO;
				DEBUG_INFORMATION_FORMAT = "dwarf-with-dsym";
				ENABLE_NS_ASSERTIONS = NO;
				ENABLE_STRICT_OBJC_MSGSEND = YES;
				GCC_C_LANGUAGE_STANDARD = gnu99;
				GCC_NO_COMMON_BLOCKS = YES;
				GCC_WARN_64_TO_32_BIT_CONVERSION = YES;
				GCC_WARN_ABOUT_RETURN_TYPE = YES_ERROR;
				GCC_WARN_UNDECLARED_SELECTOR = YES;
				GCC_WARN_UNINITIALIZED_AUTOS = YES_AGGRESSIVE;
				GCC_WARN_UNUSED_FUNCTION = YES;
				GCC_WARN_UNUSED_VARIABLE = YES;
				IPHONEOS_DEPLOYMENT_TARGET = 9.3;
				MTL_ENABLE_DEBUG_INFO = NO;
				SDKROOT = iphoneos;
				SWIFT_OPTIMIZATION_LEVEL = "-Owholemodule";
				TARGETED_DEVICE_FAMILY = "1,2";
				VALIDATE_PRODUCT = YES;
			};
			name = Release;
		};
		8ACC5DD51CDB14BB00C6D178 /* Debug */ = {
			isa = XCBuildConfiguration;
			buildSettings = {
				ASSETCATALOG_COMPILER_APPICON_NAME = AppIcon;
				CODE_SIGN_IDENTITY = "iPhone Distribution";
				"CODE_SIGN_IDENTITY[sdk=*]" = "";
				"CODE_SIGN_IDENTITY[sdk=iphoneos*]" = "iPhone Developer";
				DEVELOPMENT_TEAM = 469ZL76DAW;
				INFOPLIST_FILE = TimeCounter/Info.plist;
				LD_RUNPATH_SEARCH_PATHS = "$(inherited) @executable_path/Frameworks";
				PRODUCT_BUNDLE_IDENTIFIER = com.cafeform.RepTimeCounter;
				PRODUCT_NAME = "$(TARGET_NAME)";
				PROVISIONING_PROFILE = "";
				PROVISIONING_PROFILE_SPECIFIER = "";
				SWIFT_VERSION = 3.0;
				TARGETED_DEVICE_FAMILY = 1;
			};
			name = Debug;
		};
		8ACC5DD61CDB14BB00C6D178 /* Release */ = {
			isa = XCBuildConfiguration;
			buildSettings = {
				ASSETCATALOG_COMPILER_APPICON_NAME = AppIcon;
				CODE_SIGN_IDENTITY = "iPhone Distribution";
				"CODE_SIGN_IDENTITY[sdk=iphoneos*]" = "iPhone Developer";
				DEVELOPMENT_TEAM = 469ZL76DAW;
				INFOPLIST_FILE = TimeCounter/Info.plist;
				LD_RUNPATH_SEARCH_PATHS = "$(inherited) @executable_path/Frameworks";
				PRODUCT_BUNDLE_IDENTIFIER = com.cafeform.RepTimeCounter;
				PRODUCT_NAME = "$(TARGET_NAME)";
				PROVISIONING_PROFILE = "";
				PROVISIONING_PROFILE_SPECIFIER = "";
				SWIFT_VERSION = 3.0;
				TARGETED_DEVICE_FAMILY = 1;
			};
			name = Release;
		};
/* End XCBuildConfiguration section */

/* Begin XCConfigurationList section */
		8ACC5DBD1CDB14B300C6D178 /* Build configuration list for PBXProject "TimeCounter" */ = {
			isa = XCConfigurationList;
			buildConfigurations = (
				8ACC5DD21CDB14BB00C6D178 /* Debug */,
				8ACC5DD31CDB14BB00C6D178 /* Release */,
			);
			defaultConfigurationIsVisible = 0;
			defaultConfigurationName = Release;
		};
		8ACC5DD41CDB14BB00C6D178 /* Build configuration list for PBXNativeTarget "TimeCounter" */ = {
			isa = XCConfigurationList;
			buildConfigurations = (
				8ACC5DD51CDB14BB00C6D178 /* Debug */,
				8ACC5DD61CDB14BB00C6D178 /* Release */,
			);
			defaultConfigurationIsVisible = 0;
			defaultConfigurationName = Release;
		};
/* End XCConfigurationList section */
	};
	rootObject = 8ACC5DBA1CDB14B300C6D178 /* Project object */;
}
